// !$*UTF8*$!
{
	archiveVersion = 1;
	classes = {
	};
	objectVersion = 51;
	objects = {

/* Begin PBXBuildFile section */
		02866E0866DAB03CB4425C78 /* Pods_DTLiving.framework in Frameworks */ = {isa = PBXBuildFile; fileRef = BBBA00E3AB2A8105168A8975 /* Pods_DTLiving.framework */; };
		402C125523E6A33700580CD3 /* EffectOpenGLFilter.swift in Sources */ = {isa = PBXBuildFile; fileRef = 402C125423E6A33700580CD3 /* EffectOpenGLFilter.swift */; };
		403DEB7F23E536E300685F6B /* OpenGLPreviewView.swift in Sources */ = {isa = PBXBuildFile; fileRef = 403DEB7E23E536E300685F6B /* OpenGLPreviewView.swift */; };
		403DEB8223E5379400685F6B /* PixelBufferTexture.swift in Sources */ = {isa = PBXBuildFile; fileRef = 403DEB8123E5379400685F6B /* PixelBufferTexture.swift */; };
		403DEB8423E539B400685F6B /* RenderDestination.swift in Sources */ = {isa = PBXBuildFile; fileRef = 403DEB8323E539B400685F6B /* RenderDestination.swift */; };
		403DEB8623E53A3800685F6B /* ShaderProgram.swift in Sources */ = {isa = PBXBuildFile; fileRef = 403DEB8523E53A3800685F6B /* ShaderProgram.swift */; };
		403DEB8B23E53ADD00685F6B /* DirectPassFragment.glsl in Resources */ = {isa = PBXBuildFile; fileRef = 403DEB8723E53ADD00685F6B /* DirectPassFragment.glsl */; };
		403DEB8C23E53ADD00685F6B /* FilterFragment.glsl in Resources */ = {isa = PBXBuildFile; fileRef = 403DEB8823E53ADD00685F6B /* FilterFragment.glsl */; };
		403DEB8D23E53ADD00685F6B /* FilterVertex.glsl in Resources */ = {isa = PBXBuildFile; fileRef = 403DEB8923E53ADD00685F6B /* FilterVertex.glsl */; };
		403DEB8E23E53ADD00685F6B /* DirectPassVertex.glsl in Resources */ = {isa = PBXBuildFile; fileRef = 403DEB8A23E53ADD00685F6B /* DirectPassVertex.glsl */; };
		40AC66832409234700E281AC /* LiveManager.swift in Sources */ = {isa = PBXBuildFile; fileRef = 40AC66822409234700E281AC /* LiveManager.swift */; };
		40AC66852409239400E281AC /* VideoOutput.swift in Sources */ = {isa = PBXBuildFile; fileRef = 40AC66842409239400E281AC /* VideoOutput.swift */; };
		40AC6687240923B900E281AC /* VideoInput.swift in Sources */ = {isa = PBXBuildFile; fileRef = 40AC6686240923B900E281AC /* VideoInput.swift */; };
		40AC6689240923E100E281AC /* VideoCamera.swift in Sources */ = {isa = PBXBuildFile; fileRef = 40AC6688240923E100E281AC /* VideoCamera.swift */; };
		40B2BFC223E40D8600F677CD /* AppDelegate.swift in Sources */ = {isa = PBXBuildFile; fileRef = 40B2BFC123E40D8600F677CD /* AppDelegate.swift */; };
		40B2BFC623E40D8600F677CD /* CameraViewController.swift in Sources */ = {isa = PBXBuildFile; fileRef = 40B2BFC523E40D8600F677CD /* CameraViewController.swift */; };
		40B2BFCB23E40D8800F677CD /* Assets.xcassets in Resources */ = {isa = PBXBuildFile; fileRef = 40B2BFCA23E40D8800F677CD /* Assets.xcassets */; };
		40B2BFCE23E40D8800F677CD /* LaunchScreen.storyboard in Resources */ = {isa = PBXBuildFile; fileRef = 40B2BFCC23E40D8800F677CD /* LaunchScreen.storyboard */; };
		40B2BFD723E42ABB00F677CD /* CameraPipeline.swift in Sources */ = {isa = PBXBuildFile; fileRef = 40B2BFD623E42ABB00F677CD /* CameraPipeline.swift */; };
/* End PBXBuildFile section */

/* Begin PBXFileReference section */
		402C125423E6A33700580CD3 /* EffectOpenGLFilter.swift */ = {isa = PBXFileReference; fileEncoding = 4; lastKnownFileType = sourcecode.swift; path = EffectOpenGLFilter.swift; sourceTree = "<group>"; };
		403DEB7E23E536E300685F6B /* OpenGLPreviewView.swift */ = {isa = PBXFileReference; lastKnownFileType = sourcecode.swift; path = OpenGLPreviewView.swift; sourceTree = "<group>"; };
		403DEB8123E5379400685F6B /* PixelBufferTexture.swift */ = {isa = PBXFileReference; lastKnownFileType = sourcecode.swift; path = PixelBufferTexture.swift; sourceTree = "<group>"; };
		403DEB8323E539B400685F6B /* RenderDestination.swift */ = {isa = PBXFileReference; lastKnownFileType = sourcecode.swift; path = RenderDestination.swift; sourceTree = "<group>"; };
		403DEB8523E53A3800685F6B /* ShaderProgram.swift */ = {isa = PBXFileReference; lastKnownFileType = sourcecode.swift; path = ShaderProgram.swift; sourceTree = "<group>"; };
		403DEB8723E53ADD00685F6B /* DirectPassFragment.glsl */ = {isa = PBXFileReference; fileEncoding = 4; lastKnownFileType = text; path = DirectPassFragment.glsl; sourceTree = "<group>"; };
		403DEB8823E53ADD00685F6B /* FilterFragment.glsl */ = {isa = PBXFileReference; fileEncoding = 4; lastKnownFileType = text; path = FilterFragment.glsl; sourceTree = "<group>"; };
		403DEB8923E53ADD00685F6B /* FilterVertex.glsl */ = {isa = PBXFileReference; fileEncoding = 4; lastKnownFileType = text; path = FilterVertex.glsl; sourceTree = "<group>"; };
		403DEB8A23E53ADD00685F6B /* DirectPassVertex.glsl */ = {isa = PBXFileReference; fileEncoding = 4; lastKnownFileType = text; path = DirectPassVertex.glsl; sourceTree = "<group>"; };
		40AC66822409234700E281AC /* LiveManager.swift */ = {isa = PBXFileReference; lastKnownFileType = sourcecode.swift; path = LiveManager.swift; sourceTree = "<group>"; };
		40AC66842409239400E281AC /* VideoOutput.swift */ = {isa = PBXFileReference; lastKnownFileType = sourcecode.swift; path = VideoOutput.swift; sourceTree = "<group>"; };
		40AC6686240923B900E281AC /* VideoInput.swift */ = {isa = PBXFileReference; lastKnownFileType = sourcecode.swift; path = VideoInput.swift; sourceTree = "<group>"; };
		40AC6688240923E100E281AC /* VideoCamera.swift */ = {isa = PBXFileReference; lastKnownFileType = sourcecode.swift; path = VideoCamera.swift; sourceTree = "<group>"; };
		40B2BFBE23E40D8600F677CD /* DTLiving.app */ = {isa = PBXFileReference; explicitFileType = wrapper.application; includeInIndex = 0; path = DTLiving.app; sourceTree = BUILT_PRODUCTS_DIR; };
		40B2BFC123E40D8600F677CD /* AppDelegate.swift */ = {isa = PBXFileReference; lastKnownFileType = sourcecode.swift; path = AppDelegate.swift; sourceTree = "<group>"; };
		40B2BFC523E40D8600F677CD /* CameraViewController.swift */ = {isa = PBXFileReference; lastKnownFileType = sourcecode.swift; path = CameraViewController.swift; sourceTree = "<group>"; };
		40B2BFCA23E40D8800F677CD /* Assets.xcassets */ = {isa = PBXFileReference; lastKnownFileType = folder.assetcatalog; path = Assets.xcassets; sourceTree = "<group>"; };
		40B2BFCD23E40D8800F677CD /* Base */ = {isa = PBXFileReference; lastKnownFileType = file.storyboard; name = Base; path = Base.lproj/LaunchScreen.storyboard; sourceTree = "<group>"; };
		40B2BFCF23E40D8800F677CD /* Info.plist */ = {isa = PBXFileReference; lastKnownFileType = text.plist.xml; path = Info.plist; sourceTree = "<group>"; };
		40B2BFD623E42ABB00F677CD /* CameraPipeline.swift */ = {isa = PBXFileReference; lastKnownFileType = sourcecode.swift; path = CameraPipeline.swift; sourceTree = "<group>"; };
		726E59E52EF70D3A638C3F7B /* Pods-DTLiving.debug.xcconfig */ = {isa = PBXFileReference; includeInIndex = 1; lastKnownFileType = text.xcconfig; name = "Pods-DTLiving.debug.xcconfig"; path = "Target Support Files/Pods-DTLiving/Pods-DTLiving.debug.xcconfig"; sourceTree = "<group>"; };
		BBBA00E3AB2A8105168A8975 /* Pods_DTLiving.framework */ = {isa = PBXFileReference; explicitFileType = wrapper.framework; includeInIndex = 0; path = Pods_DTLiving.framework; sourceTree = BUILT_PRODUCTS_DIR; };
		E5376B19CD3BE54C6BCE3A2D /* Pods-DTLiving.release.xcconfig */ = {isa = PBXFileReference; includeInIndex = 1; lastKnownFileType = text.xcconfig; name = "Pods-DTLiving.release.xcconfig"; path = "Target Support Files/Pods-DTLiving/Pods-DTLiving.release.xcconfig"; sourceTree = "<group>"; };
/* End PBXFileReference section */

/* Begin PBXFrameworksBuildPhase section */
		40B2BFBB23E40D8600F677CD /* Frameworks */ = {
			isa = PBXFrameworksBuildPhase;
			buildActionMask = 2147483647;
			files = (
				02866E0866DAB03CB4425C78 /* Pods_DTLiving.framework in Frameworks */,
			);
			runOnlyForDeploymentPostprocessing = 0;
		};
/* End PBXFrameworksBuildPhase section */

/* Begin PBXGroup section */
		151E5142E493D2E317820BB9 /* Pods */ = {
			isa = PBXGroup;
			children = (
				726E59E52EF70D3A638C3F7B /* Pods-DTLiving.debug.xcconfig */,
				E5376B19CD3BE54C6BCE3A2D /* Pods-DTLiving.release.xcconfig */,
			);
			path = Pods;
			sourceTree = "<group>";
		};
		402C125323E6A20E00580CD3 /* Effect */ = {
			isa = PBXGroup;
			children = (
				402C125423E6A33700580CD3 /* EffectOpenGLFilter.swift */,
			);
			path = Effect;
			sourceTree = "<group>";
		};
		403DEB7D23E536C500685F6B /* Preview */ = {
			isa = PBXGroup;
			children = (
				40AC6686240923B900E281AC /* VideoInput.swift */,
				403DEB7E23E536E300685F6B /* OpenGLPreviewView.swift */,
			);
			path = Preview;
			sourceTree = "<group>";
		};
		403DEB8023E5377100685F6B /* OpenGL */ = {
			isa = PBXGroup;
			children = (
				403DEB8123E5379400685F6B /* PixelBufferTexture.swift */,
				403DEB8323E539B400685F6B /* RenderDestination.swift */,
				403DEB8523E53A3800685F6B /* ShaderProgram.swift */,
				403DEB8923E53ADD00685F6B /* FilterVertex.glsl */,
				403DEB8823E53ADD00685F6B /* FilterFragment.glsl */,
				403DEB8A23E53ADD00685F6B /* DirectPassVertex.glsl */,
				403DEB8723E53ADD00685F6B /* DirectPassFragment.glsl */,
			);
			path = OpenGL;
			sourceTree = "<group>";
		};
		40AC667F2409211200E281AC /* Controller */ = {
			isa = PBXGroup;
			children = (
				40B2BFC523E40D8600F677CD /* CameraViewController.swift */,
				40B2BFD623E42ABB00F677CD /* CameraPipeline.swift */,
				40AC66822409234700E281AC /* LiveManager.swift */,
			);
			path = Controller;
			sourceTree = "<group>";
		};
		40AC66802409228100E281AC /* Publish */ = {
			isa = PBXGroup;
			children = (
			);
			path = Publish;
			sourceTree = "<group>";
		};
		40AC66812409229C00E281AC /* Encode */ = {
			isa = PBXGroup;
			children = (
			);
			path = Encode;
			sourceTree = "<group>";
		};
		40B2BFB523E40D8600F677CD = {
			isa = PBXGroup;
			children = (
				40B2BFC023E40D8600F677CD /* DTLiving */,
				40B2BFBF23E40D8600F677CD /* Products */,
				151E5142E493D2E317820BB9 /* Pods */,
				E8ED3810880F124589C2968B /* Frameworks */,
			);
			sourceTree = "<group>";
		};
		40B2BFBF23E40D8600F677CD /* Products */ = {
			isa = PBXGroup;
			children = (
				40B2BFBE23E40D8600F677CD /* DTLiving.app */,
			);
			name = Products;
			sourceTree = "<group>";
		};
		40B2BFC023E40D8600F677CD /* DTLiving */ = {
			isa = PBXGroup;
			children = (
				40AC667F2409211200E281AC /* Controller */,
				403DEB8023E5377100685F6B /* OpenGL */,
				40B2BFD523E429EA00F677CD /* Capture */,
				402C125323E6A20E00580CD3 /* Effect */,
				403DEB7D23E536C500685F6B /* Preview */,
				40AC66812409229C00E281AC /* Encode */,
				40AC66802409228100E281AC /* Publish */,
				40B2BFC123E40D8600F677CD /* AppDelegate.swift */,
				40B2BFCA23E40D8800F677CD /* Assets.xcassets */,
				40B2BFCC23E40D8800F677CD /* LaunchScreen.storyboard */,
				40B2BFCF23E40D8800F677CD /* Info.plist */,
			);
			path = DTLiving;
			sourceTree = "<group>";
		};
		40B2BFD523E429EA00F677CD /* Capture */ = {
			isa = PBXGroup;
			children = (
				40AC66842409239400E281AC /* VideoOutput.swift */,
				40AC6688240923E100E281AC /* VideoCamera.swift */,
			);
			path = Capture;
			sourceTree = "<group>";
		};
		E8ED3810880F124589C2968B /* Frameworks */ = {
			isa = PBXGroup;
			children = (
				BBBA00E3AB2A8105168A8975 /* Pods_DTLiving.framework */,
			);
			name = Frameworks;
			sourceTree = "<group>";
		};
/* End PBXGroup section */

/* Begin PBXNativeTarget section */
		40B2BFBD23E40D8600F677CD /* DTLiving */ = {
			isa = PBXNativeTarget;
			buildConfigurationList = 40B2BFD223E40D8800F677CD /* Build configuration list for PBXNativeTarget "DTLiving" */;
			buildPhases = (
				C43FC61FCAB562522F4F8A91 /* [CP] Check Pods Manifest.lock */,
				40B2BFBA23E40D8600F677CD /* Sources */,
				40B2BFBB23E40D8600F677CD /* Frameworks */,
				40B2BFBC23E40D8600F677CD /* Resources */,
				7F3520342099008CED4D544C /* [CP] Embed Pods Frameworks */,
			);
			buildRules = (
			);
			dependencies = (
			);
			name = DTLiving;
			productName = DTLiving;
			productReference = 40B2BFBE23E40D8600F677CD /* DTLiving.app */;
			productType = "com.apple.product-type.application";
		};
/* End PBXNativeTarget section */

/* Begin PBXProject section */
		40B2BFB623E40D8600F677CD /* Project object */ = {
			isa = PBXProject;
			attributes = {
				LastSwiftUpdateCheck = 1130;
				LastUpgradeCheck = 1130;
				ORGANIZATIONNAME = "Dan Thought Studio";
				TargetAttributes = {
					40B2BFBD23E40D8600F677CD = {
						CreatedOnToolsVersion = 11.3.1;
					};
				};
			};
			buildConfigurationList = 40B2BFB923E40D8600F677CD /* Build configuration list for PBXProject "DTLiving" */;
			compatibilityVersion = "Xcode 9.3";
			developmentRegion = en;
			hasScannedForEncodings = 0;
			knownRegions = (
				en,
				Base,
			);
			mainGroup = 40B2BFB523E40D8600F677CD;
			productRefGroup = 40B2BFBF23E40D8600F677CD /* Products */;
			projectDirPath = "";
			projectRoot = "";
			targets = (
				40B2BFBD23E40D8600F677CD /* DTLiving */,
			);
		};
/* End PBXProject section */

/* Begin PBXResourcesBuildPhase section */
		40B2BFBC23E40D8600F677CD /* Resources */ = {
			isa = PBXResourcesBuildPhase;
			buildActionMask = 2147483647;
			files = (
				403DEB8B23E53ADD00685F6B /* DirectPassFragment.glsl in Resources */,
				403DEB8E23E53ADD00685F6B /* DirectPassVertex.glsl in Resources */,
				403DEB8D23E53ADD00685F6B /* FilterVertex.glsl in Resources */,
				403DEB8C23E53ADD00685F6B /* FilterFragment.glsl in Resources */,
				40B2BFCE23E40D8800F677CD /* LaunchScreen.storyboard in Resources */,
				40B2BFCB23E40D8800F677CD /* Assets.xcassets in Resources */,
			);
			runOnlyForDeploymentPostprocessing = 0;
		};
/* End PBXResourcesBuildPhase section */

/* Begin PBXShellScriptBuildPhase section */
		7F3520342099008CED4D544C /* [CP] Embed Pods Frameworks */ = {
			isa = PBXShellScriptBuildPhase;
			buildActionMask = 2147483647;
			files = (
			);
			inputFileListPaths = (
				"${PODS_ROOT}/Target Support Files/Pods-DTLiving/Pods-DTLiving-frameworks-${CONFIGURATION}-input-files.xcfilelist",
			);
			name = "[CP] Embed Pods Frameworks";
			outputFileListPaths = (
				"${PODS_ROOT}/Target Support Files/Pods-DTLiving/Pods-DTLiving-frameworks-${CONFIGURATION}-output-files.xcfilelist",
			);
			runOnlyForDeploymentPostprocessing = 0;
			shellPath = /bin/sh;
			shellScript = "\"${PODS_ROOT}/Target Support Files/Pods-DTLiving/Pods-DTLiving-frameworks.sh\"\n";
			showEnvVarsInLog = 0;
		};
		C43FC61FCAB562522F4F8A91 /* [CP] Check Pods Manifest.lock */ = {
			isa = PBXShellScriptBuildPhase;
			buildActionMask = 2147483647;
			files = (
			);
			inputFileListPaths = (
			);
			inputPaths = (
				"${PODS_PODFILE_DIR_PATH}/Podfile.lock",
				"${PODS_ROOT}/Manifest.lock",
			);
			name = "[CP] Check Pods Manifest.lock";
			outputFileListPaths = (
			);
			outputPaths = (
				"$(DERIVED_FILE_DIR)/Pods-DTLiving-checkManifestLockResult.txt",
			);
			runOnlyForDeploymentPostprocessing = 0;
			shellPath = /bin/sh;
			shellScript = "diff \"${PODS_PODFILE_DIR_PATH}/Podfile.lock\" \"${PODS_ROOT}/Manifest.lock\" > /dev/null\nif [ $? != 0 ] ; then\n    # print error to STDERR\n    echo \"error: The sandbox is not in sync with the Podfile.lock. Run 'pod install' or update your CocoaPods installation.\" >&2\n    exit 1\nfi\n# This output is used by Xcode 'outputs' to avoid re-running this script phase.\necho \"SUCCESS\" > \"${SCRIPT_OUTPUT_FILE_0}\"\n";
			showEnvVarsInLog = 0;
		};
/* End PBXShellScriptBuildPhase section */

/* Begin PBXSourcesBuildPhase section */
		40B2BFBA23E40D8600F677CD /* Sources */ = {
			isa = PBXSourcesBuildPhase;
			buildActionMask = 2147483647;
			files = (
				40AC66832409234700E281AC /* LiveManager.swift in Sources */,
				403DEB7F23E536E300685F6B /* OpenGLPreviewView.swift in Sources */,
				40B2BFC623E40D8600F677CD /* CameraViewController.swift in Sources */,
				40B2BFD723E42ABB00F677CD /* CameraPipeline.swift in Sources */,
				402C125523E6A33700580CD3 /* EffectOpenGLFilter.swift in Sources */,
				403DEB8223E5379400685F6B /* PixelBufferTexture.swift in Sources */,
				403DEB8623E53A3800685F6B /* ShaderProgram.swift in Sources */,
				403DEB8423E539B400685F6B /* RenderDestination.swift in Sources */,
				40AC6689240923E100E281AC /* VideoCamera.swift in Sources */,
				40AC6687240923B900E281AC /* VideoInput.swift in Sources */,
				40AC66852409239400E281AC /* VideoOutput.swift in Sources */,
				40B2BFC223E40D8600F677CD /* AppDelegate.swift in Sources */,
			);
			runOnlyForDeploymentPostprocessing = 0;
		};
/* End PBXSourcesBuildPhase section */

/* Begin PBXVariantGroup section */
		40B2BFCC23E40D8800F677CD /* LaunchScreen.storyboard */ = {
			isa = PBXVariantGroup;
			children = (
				40B2BFCD23E40D8800F677CD /* Base */,
			);
			name = LaunchScreen.storyboard;
			sourceTree = "<group>";
		};
/* End PBXVariantGroup section */

/* Begin XCBuildConfiguration section */
		40B2BFD023E40D8800F677CD /* Debug */ = {
			isa = XCBuildConfiguration;
			buildSettings = {
				ALWAYS_SEARCH_USER_PATHS = NO;
				CLANG_ANALYZER_NONNULL = YES;
				CLANG_ANALYZER_NUMBER_OBJECT_CONVERSION = YES_AGGRESSIVE;
				CLANG_CXX_LANGUAGE_STANDARD = "gnu++14";
				CLANG_CXX_LIBRARY = "libc++";
				CLANG_ENABLE_MODULES = YES;
				CLANG_ENABLE_OBJC_ARC = YES;
				CLANG_ENABLE_OBJC_WEAK = YES;
				CLANG_WARN_BLOCK_CAPTURE_AUTORELEASING = YES;
				CLANG_WARN_BOOL_CONVERSION = YES;
				CLANG_WARN_COMMA = YES;
				CLANG_WARN_CONSTANT_CONVERSION = YES;
				CLANG_WARN_DEPRECATED_OBJC_IMPLEMENTATIONS = YES;
				CLANG_WARN_DIRECT_OBJC_ISA_USAGE = YES_ERROR;
				CLANG_WARN_DOCUMENTATION_COMMENTS = YES;
				CLANG_WARN_EMPTY_BODY = YES;
				CLANG_WARN_ENUM_CONVERSION = YES;
				CLANG_WARN_INFINITE_RECURSION = YES;
				CLANG_WARN_INT_CONVERSION = YES;
				CLANG_WARN_NON_LITERAL_NULL_CONVERSION = YES;
				CLANG_WARN_OBJC_IMPLICIT_RETAIN_SELF = YES;
				CLANG_WARN_OBJC_LITERAL_CONVERSION = YES;
				CLANG_WARN_OBJC_ROOT_CLASS = YES_ERROR;
				CLANG_WARN_RANGE_LOOP_ANALYSIS = YES;
				CLANG_WARN_STRICT_PROTOTYPES = YES;
				CLANG_WARN_SUSPICIOUS_MOVE = YES;
				CLANG_WARN_UNGUARDED_AVAILABILITY = YES_AGGRESSIVE;
				CLANG_WARN_UNREACHABLE_CODE = YES;
				CLANG_WARN__DUPLICATE_METHOD_MATCH = YES;
				COPY_PHASE_STRIP = NO;
				DEBUG_INFORMATION_FORMAT = dwarf;
				ENABLE_STRICT_OBJC_MSGSEND = YES;
				ENABLE_TESTABILITY = YES;
				GCC_C_LANGUAGE_STANDARD = gnu11;
				GCC_DYNAMIC_NO_PIC = NO;
				GCC_NO_COMMON_BLOCKS = YES;
				GCC_OPTIMIZATION_LEVEL = 0;
				GCC_PREPROCESSOR_DEFINITIONS = (
					"DEBUG=1",
					"$(inherited)",
				);
				GCC_WARN_64_TO_32_BIT_CONVERSION = YES;
				GCC_WARN_ABOUT_RETURN_TYPE = YES_ERROR;
				GCC_WARN_UNDECLARED_SELECTOR = YES;
				GCC_WARN_UNINITIALIZED_AUTOS = YES_AGGRESSIVE;
				GCC_WARN_UNUSED_FUNCTION = YES;
				GCC_WARN_UNUSED_VARIABLE = YES;
				IPHONEOS_DEPLOYMENT_TARGET = 9.0;
				MTL_ENABLE_DEBUG_INFO = INCLUDE_SOURCE;
				MTL_FAST_MATH = YES;
				ONLY_ACTIVE_ARCH = YES;
				SDKROOT = iphoneos;
				SWIFT_ACTIVE_COMPILATION_CONDITIONS = DEBUG;
				SWIFT_OPTIMIZATION_LEVEL = "-Onone";
			};
			name = Debug;
		};
		40B2BFD123E40D8800F677CD /* Release */ = {
			isa = XCBuildConfiguration;
			buildSettings = {
				ALWAYS_SEARCH_USER_PATHS = NO;
				CLANG_ANALYZER_NONNULL = YES;
				CLANG_ANALYZER_NUMBER_OBJECT_CONVERSION = YES_AGGRESSIVE;
				CLANG_CXX_LANGUAGE_STANDARD = "gnu++14";
				CLANG_CXX_LIBRARY = "libc++";
				CLANG_ENABLE_MODULES = YES;
				CLANG_ENABLE_OBJC_ARC = YES;
				CLANG_ENABLE_OBJC_WEAK = YES;
				CLANG_WARN_BLOCK_CAPTURE_AUTORELEASING = YES;
				CLANG_WARN_BOOL_CONVERSION = YES;
				CLANG_WARN_COMMA = YES;
				CLANG_WARN_CONSTANT_CONVERSION = YES;
				CLANG_WARN_DEPRECATED_OBJC_IMPLEMENTATIONS = YES;
				CLANG_WARN_DIRECT_OBJC_ISA_USAGE = YES_ERROR;
				CLANG_WARN_DOCUMENTATION_COMMENTS = YES;
				CLANG_WARN_EMPTY_BODY = YES;
				CLANG_WARN_ENUM_CONVERSION = YES;
				CLANG_WARN_INFINITE_RECURSION = YES;
				CLANG_WARN_INT_CONVERSION = YES;
				CLANG_WARN_NON_LITERAL_NULL_CONVERSION = YES;
				CLANG_WARN_OBJC_IMPLICIT_RETAIN_SELF = YES;
				CLANG_WARN_OBJC_LITERAL_CONVERSION = YES;
				CLANG_WARN_OBJC_ROOT_CLASS = YES_ERROR;
				CLANG_WARN_RANGE_LOOP_ANALYSIS = YES;
				CLANG_WARN_STRICT_PROTOTYPES = YES;
				CLANG_WARN_SUSPICIOUS_MOVE = YES;
				CLANG_WARN_UNGUARDED_AVAILABILITY = YES_AGGRESSIVE;
				CLANG_WARN_UNREACHABLE_CODE = YES;
				CLANG_WARN__DUPLICATE_METHOD_MATCH = YES;
				COPY_PHASE_STRIP = NO;
				DEBUG_INFORMATION_FORMAT = "dwarf-with-dsym";
				ENABLE_NS_ASSERTIONS = NO;
				ENABLE_STRICT_OBJC_MSGSEND = YES;
				GCC_C_LANGUAGE_STANDARD = gnu11;
				GCC_NO_COMMON_BLOCKS = YES;
				GCC_WARN_64_TO_32_BIT_CONVERSION = YES;
				GCC_WARN_ABOUT_RETURN_TYPE = YES_ERROR;
				GCC_WARN_UNDECLARED_SELECTOR = YES;
				GCC_WARN_UNINITIALIZED_AUTOS = YES_AGGRESSIVE;
				GCC_WARN_UNUSED_FUNCTION = YES;
				GCC_WARN_UNUSED_VARIABLE = YES;
				IPHONEOS_DEPLOYMENT_TARGET = 9.0;
				MTL_ENABLE_DEBUG_INFO = NO;
				MTL_FAST_MATH = YES;
				SDKROOT = iphoneos;
				SWIFT_COMPILATION_MODE = wholemodule;
				SWIFT_OPTIMIZATION_LEVEL = "-O";
				VALIDATE_PRODUCT = YES;
			};
			name = Release;
		};
		40B2BFD323E40D8800F677CD /* Debug */ = {
			isa = XCBuildConfiguration;
			baseConfigurationReference = 726E59E52EF70D3A638C3F7B /* Pods-DTLiving.debug.xcconfig */;
			buildSettings = {
				ASSETCATALOG_COMPILER_APPICON_NAME = AppIcon;
				CODE_SIGN_STYLE = Automatic;
				DEVELOPMENT_TEAM = SLM6SZ8JH3;
				INFOPLIST_FILE = DTLiving/Info.plist;
				LD_RUNPATH_SEARCH_PATHS = (
					"$(inherited)",
					"@executable_path/Frameworks",
				);
				PRODUCT_BUNDLE_IDENTIFIER = com.dathought.DTLiving;
				PRODUCT_NAME = "$(TARGET_NAME)";
				SWIFT_VERSION = 5.0;
				TARGETED_DEVICE_FAMILY = "1,2";
			};
			name = Debug;
		};
		40B2BFD423E40D8800F677CD /* Release */ = {
			isa = XCBuildConfiguration;
			baseConfigurationReference = E5376B19CD3BE54C6BCE3A2D /* Pods-DTLiving.release.xcconfig */;
			buildSettings = {
				ASSETCATALOG_COMPILER_APPICON_NAME = AppIcon;
				CODE_SIGN_STYLE = Automatic;
				DEVELOPMENT_TEAM = SLM6SZ8JH3;
				INFOPLIST_FILE = DTLiving/Info.plist;
				LD_RUNPATH_SEARCH_PATHS = (
					"$(inherited)",
					"@executable_path/Frameworks",
				);
				PRODUCT_BUNDLE_IDENTIFIER = com.dathought.DTLiving;
				PRODUCT_NAME = "$(TARGET_NAME)";
				SWIFT_VERSION = 5.0;
				TARGETED_DEVICE_FAMILY = "1,2";
			};
			name = Release;
		};
/* End XCBuildConfiguration section */

/* Begin XCConfigurationList section */
		40B2BFB923E40D8600F677CD /* Build configuration list for PBXProject "DTLiving" */ = {
			isa = XCConfigurationList;
			buildConfigurations = (
				40B2BFD023E40D8800F677CD /* Debug */,
				40B2BFD123E40D8800F677CD /* Release */,
			);
			defaultConfigurationIsVisible = 0;
			defaultConfigurationName = Release;
		};
		40B2BFD223E40D8800F677CD /* Build configuration list for PBXNativeTarget "DTLiving" */ = {
			isa = XCConfigurationList;
			buildConfigurations = (
				40B2BFD323E40D8800F677CD /* Debug */,
				40B2BFD423E40D8800F677CD /* Release */,
			);
			defaultConfigurationIsVisible = 0;
			defaultConfigurationName = Release;
		};
/* End XCConfigurationList section */
	};
	rootObject = 40B2BFB623E40D8600F677CD /* Project object */;
}
